# THIS IS AN AUTOGENERATED FILE. DO NOT EDIT THIS FILE DIRECTLY.
# yarn lockfile v1


"@faker-js/faker@^7.3.0":
  version "7.5.0"
  resolved "https://registry.yarnpkg.com/@faker-js/faker/-/faker-7.5.0.tgz#8e8265f65f5b68d2a57886d59b03788eeb676264"
  integrity sha512-8wNUCCUHvfvI0gQpDUho/3gPzABffnCn5um65F8dzQ86zz6dlt4+nmAA7PQUc8L+eH+9RgR/qzy5N/8kN0Ozdw==

"@playwright/test@^1.22.1":
  version "1.26.0"
  resolved "https://registry.yarnpkg.com/@playwright/test/-/test-1.26.0.tgz#d0c4a7ffaa7df5b4a63e0d8dea133fdb1d6c5aef"
  integrity sha512-D24pu1k/gQw3Lhbpc38G5bXlBjGDrH5A52MsrH12wz6ohGDeQ+aZg/JFSEsT/B3G8zlJe/EU4EkJK74hpqsjEg==
  dependencies:
    "@types/node" "*"
    playwright-core "1.26.0"

"@types/node@*":
  version "18.7.22"
  resolved "https://registry.yarnpkg.com/@types/node/-/node-18.7.22.tgz#76f7401362ad63d9d7eefa7dcdfa5fcd9baddff3"
  integrity sha512-TsmoXYd4zrkkKjJB0URF/mTIKPl+kVcbqClB2F/ykU7vil1BfWZVndOnpEIozPv4fURD28gyPFeIkW2G+KXOvw==

playwright-core@1.26.0:
  version "1.26.0"
  resolved "https://registry.yarnpkg.com/playwright-core/-/playwright-core-1.26.0.tgz#850228f0638d410a5cdd69800d552f60e4d295cd"
  integrity sha512-p8huU8eU4gD3VkJd3DA1nA7R3XA6rFvFL+1RYS96cSljCF2yJE9CWEHTPF4LqX8KN9MoWCrAfVKP5381X3CZqg==

playwright@^1.22.1:
  version "1.26.0"
  resolved "https://registry.yarnpkg.com/playwright/-/playwright-1.26.0.tgz#b351990ff03a7e422bf585233eb53651fc363896"
  integrity sha512-XxTVlvFEYHdatxUkh1KiPq9BclNtFKMi3BgQnl/aactmhN4G9AkZUXwt0ck6NDAOrDFlfibhbM7A1kZwQJKSBw==
  dependencies:
    playwright-core "1.26.0"
